
Microsoft Visual Studio Solution File, Format Version 12.00
# Visual Studio 14
VisualStudioVersion = 14.0.25123.0
MinimumVisualStudioVersion = 10.0.40219.1
Project("{FAE04EC0-301F-11D3-BF4B-00C04F79EFBC}") = "jenkinsDemo", "jenkinsDemo\jenkinsDemo.csproj", "{394EF609-FEFF-4972-8E32-94F7C4A4F314}"
EndProject
Project("{FAE04EC0-301F-11D3-BF4B-00C04F79EFBC}") = "jenkinsDemo.Tests", "jenkinsDemo.Tests\jenkinsDemo.Tests.csproj", "{96890608-7009-4D7E-A3B5-AE95C9CC70A4}"
EndProject
Project("{FAE04EC0-301F-11D3-BF4B-00C04F79EFBC}") = "JenkinsDemoXunit.Tests", "JenkinsDemoXunit.Tests\JenkinsDemoXunit.Tests.csproj", "{1C0E7824-266F-4AAB-B30A-A7787A379F8F}"
EndProject
Global
	GlobalSection(SolutionConfigurationPlatforms) = preSolution
		Debug|Any CPU = Debug|Any CPU
		Release|Any CPU = Release|Any CPU
	EndGlobalSection
	GlobalSection(ProjectConfigurationPlatforms) = postSolution
		{394EF609-FEFF-4972-8E32-94F7C4A4F314}.Debug|Any CPU.ActiveCfg = Debug|Any CPU
		{394EF609-FEFF-4972-8E32-94F7C4A4F314}.Debug|Any CPU.Build.0 = Debug|Any CPU
		{394EF609-FEFF-4972-8E32-94F7C4A4F314}.Release|Any CPU.ActiveCfg = Release|Any CPU
		{394EF609-FEFF-4972-8E32-94F7C4A4F314}.Release|Any CPU.Build.0 = Release|Any CPU
		{96890608-7009-4D7E-A3B5-AE95C9CC70A4}.Debug|Any CPU.ActiveCfg = Debug|Any CPU
		{96890608-7009-4D7E-A3B5-AE95C9CC70A4}.Debug|Any CPU.Build.0 = Debug|Any CPU
		{96890608-7009-4D7E-A3B5-AE95C9CC70A4}.Release|Any CPU.ActiveCfg = Release|Any CPU
		{96890608-7009-4D7E-A3B5-AE95C9CC70A4}.Release|Any CPU.Build.0 = Release|Any CPU
		{1C0E7824-266F-4AAB-B30A-A7787A379F8F}.Debug|Any CPU.ActiveCfg = Debug|Any CPU
		{1C0E7824-266F-4AAB-B30A-A7787A379F8F}.Debug|Any CPU.Build.0 = Debug|Any CPU
		{1C0E7824-266F-4AAB-B30A-A7787A379F8F}.Release|Any CPU.ActiveCfg = Release|Any CPU
		{1C0E7824-266F-4AAB-B30A-A7787A379F8F}.Release|Any CPU.Build.0 = Release|Any CPU
	EndGlobalSection
	GlobalSection(SolutionProperties) = preSolution
		HideSolutionNode = FALSE
	EndGlobalSection
EndGlobal
