
Microsoft Visual Studio Solution File, Format Version 12.00
# Visual Studio 2012
Project("{FAE04EC0-301F-11D3-BF4B-00C04F79EFBC}") = "JenkinsDemo", "JenkinsDemo\JenkinsDemo.csproj", "{C084C676-9DE6-49BE-B402-B07E105A9916}"
EndProject
Project("{FAE04EC0-301F-11D3-BF4B-00C04F79EFBC}") = "JenkinsDemoTest", "JenkinsDemoTest\JenkinsDemoTest.csproj", "{4C16F52F-EBC6-4584-9215-44BD370D2C8B}"
EndProject
Global
	GlobalSection(SolutionConfigurationPlatforms) = preSolution
		Debug|Any CPU = Debug|Any CPU
		Release|Any CPU = Release|Any CPU
	EndGlobalSection
	GlobalSection(ProjectConfigurationPlatforms) = postSolution
		{C084C676-9DE6-49BE-B402-B07E105A9916}.Debug|Any CPU.ActiveCfg = Debug|Any CPU
		{C084C676-9DE6-49BE-B402-B07E105A9916}.Debug|Any CPU.Build.0 = Debug|Any CPU
		{C084C676-9DE6-49BE-B402-B07E105A9916}.Release|Any CPU.ActiveCfg = Release|Any CPU
		{C084C676-9DE6-49BE-B402-B07E105A9916}.Release|Any CPU.Build.0 = Release|Any CPU
		{4C16F52F-EBC6-4584-9215-44BD370D2C8B}.Debug|Any CPU.ActiveCfg = Debug|Any CPU
		{4C16F52F-EBC6-4584-9215-44BD370D2C8B}.Debug|Any CPU.Build.0 = Debug|Any CPU
		{4C16F52F-EBC6-4584-9215-44BD370D2C8B}.Release|Any CPU.ActiveCfg = Release|Any CPU
		{4C16F52F-EBC6-4584-9215-44BD370D2C8B}.Release|Any CPU.Build.0 = Release|Any CPU
	EndGlobalSection
	GlobalSection(SolutionProperties) = preSolution
		HideSolutionNode = FALSE
	EndGlobalSection
EndGlobal
